<?xml version="1.0" encoding="utf-8"?>
<Project ToolsVersion="4.0" xmlns="http://schemas.microsoft.com/developer/msbuild/2003">
  <ItemGroup>
    <Filter Include="Fichiers sources">
      <UniqueIdentifier>{4FC737F1-C7A5-4376-A066-2A32D752A2FF}</UniqueIdentifier>
      <Extensions>cpp;c;cc;cxx;c++;cppm;ixx;def;odl;idl;hpj;bat;asm;asmx</Extensions>
    </Filter>
    <Filter Include="Fichiers d%27en-tête">
      <UniqueIdentifier>{93995380-89BD-4b04-88EB-625FBE52EBFB}</UniqueIdentifier>
      <Extensions>h;hh;hpp;hxx;h++;hm;inl;inc;ipp;xsd</Extensions>
    </Filter>
    <Filter Include="Fichiers de ressources">
      <UniqueIdentifier>{67DA6AB6-F800-4c08-8B7A-83BB121AAD01}</UniqueIdentifier>
      <Extensions>rc;ico;cur;bmp;dlg;rc2;rct;bin;rgs;gif;jpg;jpeg;jpe;resx;tiff;tif;png;wav;mfcribbon-ms</Extensions>
    </Filter>
    <Filter Include="Fichiers d%27en-tête\ENGINE">
      <UniqueIdentifier>{cffb0865-2abe-4b61-861c-9ce44d3f7b6d}</UniqueIdentifier>
    </Filter>
    <Filter Include="Fichiers sources\ENGINE">
      <UniqueIdentifier>{6284da83-af60-4141-9ddc-3a1abd1c61e4}</UniqueIdentifier>
    </Filter>
    <Filter Include="Fichiers d%27en-tête\GAME">
      <UniqueIdentifier>{48f34e85-fce3-4b6c-be60-3b425e525882}</UniqueIdentifier>
    </Filter>
    <Filter Include="Fichiers d%27en-tête\MENU">
      <UniqueIdentifier>{722ed2e4-172b-4e2e-9d5e-9957936faa10}</UniqueIdentifier>
    </Filter>
    <Filter Include="Fichiers sources\GAME">
      <UniqueIdentifier>{74452b7d-4311-4a3d-9587-c7fe641960e5}</UniqueIdentifier>
    </Filter>
    <Filter Include="Fichiers sources\MENU">
      <UniqueIdentifier>{c9665c64-a735-450d-8a64-16fed7eff0b9}</UniqueIdentifier>
    </Filter>
  </ItemGroup>
  <ItemGroup>
    <ClCompile Include="main.c">
      <Filter>Fichiers sources</Filter>
    </ClCompile>
    <ClCompile Include="dialogBox.c">
      <Filter>Fichiers sources\ENGINE</Filter>
    </ClCompile>
    <ClCompile Include="gamepad.c">
      <Filter>Fichiers sources\ENGINE</Filter>
    </ClCompile>
    <ClCompile Include="gamepadx.c">
      <Filter>Fichiers sources\ENGINE</Filter>
    </ClCompile>
    <ClCompile Include="menu.c">
      <Filter>Fichiers sources\MENU</Filter>
    </ClCompile>
    <ClCompile Include="options.c">
      <Filter>Fichiers sources\MENU</Filter>
    </ClCompile>
    <ClCompile Include="pause.c">
      <Filter>Fichiers sources\GAME</Filter>
    </ClCompile>
    <ClCompile Include="ressourcesManager.c">
      <Filter>Fichiers sources\ENGINE</Filter>
    </ClCompile>
    <ClCompile Include="soundManager.c">
      <Filter>Fichiers sources\ENGINE</Filter>
    </ClCompile>
    <ClCompile Include="stateManager.c">
      <Filter>Fichiers sources\ENGINE</Filter>
    </ClCompile>
    <ClCompile Include="textureManager.c">
      <Filter>Fichiers sources\ENGINE</Filter>
    </ClCompile>
    <ClCompile Include="tools.c">
      <Filter>Fichiers sources\ENGINE</Filter>
    </ClCompile>
    <ClCompile Include="viewManager.c">
      <Filter>Fichiers sources\ENGINE</Filter>
    </ClCompile>
    <ClCompile Include="windowManager.c">
      <Filter>Fichiers sources\ENGINE</Filter>
    </ClCompile>
    <ClCompile Include="game.c">
      <Filter>Fichiers sources\GAME</Filter>
    </ClCompile>
    <ClCompile Include="fontManager.c">
      <Filter>Fichiers sources\ENGINE</Filter>
    </ClCompile>
    <ClCompile Include="map.c">
      <Filter>Fichiers sources\GAME</Filter>
    </ClCompile>
    <ClCompile Include="editor.c">
      <Filter>Fichiers sources</Filter>
    </ClCompile>
    <ClCompile Include="player.c">
      <Filter>Fichiers sources\GAME</Filter>
    </ClCompile>
    <ClCompile Include="bombe.c">
      <Filter>Fichiers sources\GAME</Filter>
    </ClCompile>
    <ClCompile Include="math.c">
      <Filter>Fichiers sources\ENGINE</Filter>
    </ClCompile>
    <ClCompile Include="explosion.c">
      <Filter>Fichiers sources\GAME</Filter>
    </ClCompile>
  </ItemGroup>
  <ItemGroup>
    <ClInclude Include="dialogBox.h">
      <Filter>Fichiers d%27en-tête\ENGINE</Filter>
    </ClInclude>
    <ClInclude Include="gamepad.h">
      <Filter>Fichiers d%27en-tête\ENGINE</Filter>
    </ClInclude>
    <ClInclude Include="ressourcesManager.h">
      <Filter>Fichiers d%27en-tête\ENGINE</Filter>
    </ClInclude>
    <ClInclude Include="soundManager.h">
      <Filter>Fichiers d%27en-tête\ENGINE</Filter>
    </ClInclude>
    <ClInclude Include="stateManager.h">
      <Filter>Fichiers d%27en-tête\ENGINE</Filter>
    </ClInclude>
    <ClInclude Include="textureManager.h">
      <Filter>Fichiers d%27en-tête\ENGINE</Filter>
    </ClInclude>
    <ClInclude Include="tools.h">
      <Filter>Fichiers d%27en-tête\ENGINE</Filter>
    </ClInclude>
    <ClInclude Include="viewManager.h">
      <Filter>Fichiers d%27en-tête\ENGINE</Filter>
    </ClInclude>
    <ClInclude Include="windowManager.h">
      <Filter>Fichiers d%27en-tête\ENGINE</Filter>
    </ClInclude>
    <ClInclude Include="gamepadx.h">
      <Filter>Fichiers d%27en-tête\ENGINE</Filter>
    </ClInclude>
    <ClInclude Include="menu.h">
      <Filter>Fichiers d%27en-tête\MENU</Filter>
    </ClInclude>
    <ClInclude Include="options.h">
      <Filter>Fichiers d%27en-tête\MENU</Filter>
    </ClInclude>
    <ClInclude Include="pause.h">
      <Filter>Fichiers d%27en-tête\GAME</Filter>
    </ClInclude>
    <ClInclude Include="game.h">
      <Filter>Fichiers d%27en-tête\GAME</Filter>
    </ClInclude>
    <ClInclude Include="..\..\CSFML_DLL_Project\sfBaseDllProject\dirent.h">
      <Filter>Fichiers d%27en-tête\ENGINE</Filter>
    </ClInclude>
    <ClInclude Include="fontManager.h">
      <Filter>Fichiers d%27en-tête\ENGINE</Filter>
    </ClInclude>
    <ClInclude Include="map.h">
      <Filter>Fichiers d%27en-tête\GAME</Filter>
    </ClInclude>
    <ClInclude Include="editor.h">
      <Filter>Fichiers d%27en-tête</Filter>
    </ClInclude>
    <ClInclude Include="player.h">
      <Filter>Fichiers d%27en-tête\GAME</Filter>
    </ClInclude>
    <ClInclude Include="bombe.h">
      <Filter>Fichiers d%27en-tête\GAME</Filter>
    </ClInclude>
    <ClInclude Include="math.h">
      <Filter>Fichiers d%27en-tête\ENGINE</Filter>
    </ClInclude>
    <ClInclude Include="explosion.h">
      <Filter>Fichiers d%27en-tête\GAME</Filter>
    </ClInclude>
  </ItemGroup>
</Project>